
Microsoft Visual Studio Solution File, Format Version 12.00
# Visual Studio 14
VisualStudioVersion = 14.0.23107.0
MinimumVisualStudioVersion = 10.0.40219.1
Project("{FAE04EC0-301F-11D3-BF4B-00C04F79EFBC}") = "DDDEngine", "DDDEngine\DDDEngine.csproj", "{7E788DBB-708D-4EAD-BFC6-A82AAADAF38C}"
EndProject
Project("{FAE04EC0-301F-11D3-BF4B-00C04F79EFBC}") = "DDDEngineTest", "DDDEngineTest\DDDEngineTest.csproj", "{F231538D-563E-4179-81A1-6882FB9B0852}"
EndProject
Global
	GlobalSection(SolutionConfigurationPlatforms) = preSolution
		Debug|Any CPU = Debug|Any CPU
		Release|Any CPU = Release|Any CPU
	EndGlobalSection
	GlobalSection(ProjectConfigurationPlatforms) = postSolution
		{7E788DBB-708D-4EAD-BFC6-A82AAADAF38C}.Debug|Any CPU.ActiveCfg = Debug|Any CPU
		{7E788DBB-708D-4EAD-BFC6-A82AAADAF38C}.Debug|Any CPU.Build.0 = Debug|Any CPU
		{7E788DBB-708D-4EAD-BFC6-A82AAADAF38C}.Release|Any CPU.ActiveCfg = Release|Any CPU
		{7E788DBB-708D-4EAD-BFC6-A82AAADAF38C}.Release|Any CPU.Build.0 = Release|Any CPU
		{F231538D-563E-4179-81A1-6882FB9B0852}.Debug|Any CPU.ActiveCfg = Debug|Any CPU
		{F231538D-563E-4179-81A1-6882FB9B0852}.Debug|Any CPU.Build.0 = Debug|Any CPU
		{F231538D-563E-4179-81A1-6882FB9B0852}.Release|Any CPU.ActiveCfg = Release|Any CPU
		{F231538D-563E-4179-81A1-6882FB9B0852}.Release|Any CPU.Build.0 = Release|Any CPU
	EndGlobalSection
	GlobalSection(SolutionProperties) = preSolution
		HideSolutionNode = FALSE
	EndGlobalSection
EndGlobal
